PODS:
  - DATAStack (6.1.2)
  - Kingfisher (3.2.4)
  - OHHTTPStubs (5.2.3):
    - OHHTTPStubs/Default (= 5.2.3)
  - OHHTTPStubs/Core (5.2.3)
  - OHHTTPStubs/Default (5.2.3):
    - OHHTTPStubs/Core
    - OHHTTPStubs/JSON
    - OHHTTPStubs/NSURLSession
    - OHHTTPStubs/OHPathHelpers
  - OHHTTPStubs/JSON (5.2.3):
    - OHHTTPStubs/Core
  - OHHTTPStubs/NSURLSession (5.2.3):
    - OHHTTPStubs/Core
  - OHHTTPStubs/OHPathHelpers (5.2.3)
  - OHHTTPStubs/Swift (5.2.3):
    - OHHTTPStubs/Core
  - Sync (2.6.2):
    - DATAStack (~> 6.1.2)
    - SYNCPropertyMapper (~> 5.2.0)
  - SYNCPropertyMapper (5.2.0)
  - XCGLogger (4.0.0):
    - XCGLogger/Core (= 4.0.0)
  - XCGLogger/Core (4.0.0)

DEPENDENCIES:
  - Kingfisher (~> 3.0)
  - OHHTTPStubs
  - OHHTTPStubs/Swift
  - Sync (~> 2)
  - XCGLogger (~> 4.0)

SPEC CHECKSUMS:
  DATAStack: a45fc144e15193f1b22c26b507cc46655ce96a71
  Kingfisher: 8d80f39da403cd9c9ee11984e1655f4d6a566cdb
  OHHTTPStubs: e238cd5b66d8efa51c861db45895de8fe079f4a7
  Sync: 02e5442ed69b0081f7f9a33e6c472f6f84d157ec
  SYNCPropertyMapper: b3157f5183285c8a25ba23877b95a06ec2547e73
  XCGLogger: 38063ea89b4c8b23232d18efd2e12eb0005f3ea4

PODFILE CHECKSUM: dc125fbd6b523a41e3feb60c4a925ce5e77225b0

COCOAPODS: 1.1.1
