// !$*UTF8*$!
{
	archiveVersion = 1;
	classes = {
	};
	objectVersion = 46;
	objects = {

/* Begin PBXBuildFile section */
		01DF6CEC77C3F3E822DF0A57 /* Pods_JLTestTests.framework in Frameworks */ = {isa = PBXBuildFile; fileRef = F8722731750C2DC7325D8E07 /* Pods_JLTestTests.framework */; };
		33D1A8284167F519A7F720E1 /* Pods_JLTest.framework in Frameworks */ = {isa = PBXBuildFile; fileRef = 825660106FA601E95C86F8E9 /* Pods_JLTest.framework */; };
		E5359BCD1E0C56EB0053581A /* JLTest.xcdatamodeld in Sources */ = {isa = PBXBuildFile; fileRef = E5359BCB1E0C56EB0053581A /* JLTest.xcdatamodeld */; };
		E57D24C21E0C45AA00B0995D /* Main.storyboard in Resources */ = {isa = PBXBuildFile; fileRef = E57D24C01E0C45AA00B0995D /* Main.storyboard */; };
		E57D24C71E0C45AA00B0995D /* Assets.xcassets in Resources */ = {isa = PBXBuildFile; fileRef = E57D24C61E0C45AA00B0995D /* Assets.xcassets */; };
		E57D24CA1E0C45AA00B0995D /* LaunchScreen.storyboard in Resources */ = {isa = PBXBuildFile; fileRef = E57D24C81E0C45AA00B0995D /* LaunchScreen.storyboard */; };
		E57D24E01E0C45AA00B0995D /* JLTestUITests.swift in Sources */ = {isa = PBXBuildFile; fileRef = E57D24DF1E0C45AA00B0995D /* JLTestUITests.swift */; };
		E5A764701E0C4E5B00E7E3E2 /* AppDelegate.swift in Sources */ = {isa = PBXBuildFile; fileRef = E5A7646F1E0C4E5B00E7E3E2 /* AppDelegate.swift */; };
		E5A764721E0C4E7100E7E3E2 /* JLViewController.swift in Sources */ = {isa = PBXBuildFile; fileRef = E5A764711E0C4E7100E7E3E2 /* JLViewController.swift */; };
		E5B2278F1E0C6232007565FA /* JLCollectionViewCell.swift in Sources */ = {isa = PBXBuildFile; fileRef = E5B2278E1E0C6232007565FA /* JLCollectionViewCell.swift */; };
		E5B227911E0DA10B007565FA /* main.swift in Sources */ = {isa = PBXBuildFile; fileRef = E5B227901E0DA10B007565FA /* main.swift */; };
		E5B227931E0DA1C8007565FA /* JLTestingAppDelegate.swift in Sources */ = {isa = PBXBuildFile; fileRef = E5B227921E0DA1C8007565FA /* JLTestingAppDelegate.swift */; };
		E5B227971E0DAD45007565FA /* JLRequestFactoryTest.swift in Sources */ = {isa = PBXBuildFile; fileRef = E5B227961E0DAD45007565FA /* JLRequestFactoryTest.swift */; };
		E5B227991E0DD05E007565FA /* JLRequestFactory.swift in Sources */ = {isa = PBXBuildFile; fileRef = E5B227981E0DD05E007565FA /* JLRequestFactory.swift */; };
		FDF9783CED00D54716D9E31C /* Pods_JLTestUITests.framework in Frameworks */ = {isa = PBXBuildFile; fileRef = E3A57F209DE3E8C41EFDBC6E /* Pods_JLTestUITests.framework */; };
/* End PBXBuildFile section */

/* Begin PBXContainerItemProxy section */
		E57D24D11E0C45AA00B0995D /* PBXContainerItemProxy */ = {
			isa = PBXContainerItemProxy;
			containerPortal = E57D24B11E0C45AA00B0995D /* Project object */;
			proxyType = 1;
			remoteGlobalIDString = E57D24B81E0C45AA00B0995D;
			remoteInfo = JLTest;
		};
		E57D24DC1E0C45AA00B0995D /* PBXContainerItemProxy */ = {
			isa = PBXContainerItemProxy;
			containerPortal = E57D24B11E0C45AA00B0995D /* Project object */;
			proxyType = 1;
			remoteGlobalIDString = E57D24B81E0C45AA00B0995D;
			remoteInfo = JLTest;
		};
/* End PBXContainerItemProxy section */

/* Begin PBXFileReference section */
		74EB2B53CD3F1571E8639983 /* Pods-JLTestTests.debug.xcconfig */ = {isa = PBXFileReference; includeInIndex = 1; lastKnownFileType = text.xcconfig; name = "Pods-JLTestTests.debug.xcconfig"; path = "Pods/Target Support Files/Pods-JLTestTests/Pods-JLTestTests.debug.xcconfig"; sourceTree = "<group>"; };
		8156351E371787D49076CE6F /* Pods-JLTest.release.xcconfig */ = {isa = PBXFileReference; includeInIndex = 1; lastKnownFileType = text.xcconfig; name = "Pods-JLTest.release.xcconfig"; path = "Pods/Target Support Files/Pods-JLTest/Pods-JLTest.release.xcconfig"; sourceTree = "<group>"; };
		825660106FA601E95C86F8E9 /* Pods_JLTest.framework */ = {isa = PBXFileReference; explicitFileType = wrapper.framework; includeInIndex = 0; path = Pods_JLTest.framework; sourceTree = BUILT_PRODUCTS_DIR; };
		865F433C99988DAD5E8434C2 /* Pods-JLTestUITests.debug.xcconfig */ = {isa = PBXFileReference; includeInIndex = 1; lastKnownFileType = text.xcconfig; name = "Pods-JLTestUITests.debug.xcconfig"; path = "Pods/Target Support Files/Pods-JLTestUITests/Pods-JLTestUITests.debug.xcconfig"; sourceTree = "<group>"; };
		AA8C34DEED60F2E0D9D8285F /* Pods-JLTestUITests.release.xcconfig */ = {isa = PBXFileReference; includeInIndex = 1; lastKnownFileType = text.xcconfig; name = "Pods-JLTestUITests.release.xcconfig"; path = "Pods/Target Support Files/Pods-JLTestUITests/Pods-JLTestUITests.release.xcconfig"; sourceTree = "<group>"; };
		BB51232D3C8AD449C931730C /* Pods-JLTest.debug.xcconfig */ = {isa = PBXFileReference; includeInIndex = 1; lastKnownFileType = text.xcconfig; name = "Pods-JLTest.debug.xcconfig"; path = "Pods/Target Support Files/Pods-JLTest/Pods-JLTest.debug.xcconfig"; sourceTree = "<group>"; };
		D2FCEFCFDED4CAF2D6E21AEA /* Pods-JLTestTests.release.xcconfig */ = {isa = PBXFileReference; includeInIndex = 1; lastKnownFileType = text.xcconfig; name = "Pods-JLTestTests.release.xcconfig"; path = "Pods/Target Support Files/Pods-JLTestTests/Pods-JLTestTests.release.xcconfig"; sourceTree = "<group>"; };
		E3A57F209DE3E8C41EFDBC6E /* Pods_JLTestUITests.framework */ = {isa = PBXFileReference; explicitFileType = wrapper.framework; includeInIndex = 0; path = Pods_JLTestUITests.framework; sourceTree = BUILT_PRODUCTS_DIR; };
		E5359BCC1E0C56EB0053581A /* JLTest.xcdatamodel */ = {isa = PBXFileReference; lastKnownFileType = wrapper.xcdatamodel; path = JLTest.xcdatamodel; sourceTree = "<group>"; };
		E57D24B91E0C45AA00B0995D /* JLTest.app */ = {isa = PBXFileReference; explicitFileType = wrapper.application; includeInIndex = 0; path = JLTest.app; sourceTree = BUILT_PRODUCTS_DIR; };
		E57D24C11E0C45AA00B0995D /* Base */ = {isa = PBXFileReference; lastKnownFileType = file.storyboard; name = Base; path = Base.lproj/Main.storyboard; sourceTree = "<group>"; };
		E57D24C61E0C45AA00B0995D /* Assets.xcassets */ = {isa = PBXFileReference; lastKnownFileType = folder.assetcatalog; path = Assets.xcassets; sourceTree = "<group>"; };
		E57D24C91E0C45AA00B0995D /* Base */ = {isa = PBXFileReference; lastKnownFileType = file.storyboard; name = Base; path = Base.lproj/LaunchScreen.storyboard; sourceTree = "<group>"; };
		E57D24CB1E0C45AA00B0995D /* Info.plist */ = {isa = PBXFileReference; lastKnownFileType = text.plist.xml; path = Info.plist; sourceTree = "<group>"; };
		E57D24D01E0C45AA00B0995D /* JLTestTests.xctest */ = {isa = PBXFileReference; explicitFileType = wrapper.cfbundle; includeInIndex = 0; path = JLTestTests.xctest; sourceTree = BUILT_PRODUCTS_DIR; };
		E57D24D61E0C45AA00B0995D /* Info.plist */ = {isa = PBXFileReference; lastKnownFileType = text.plist.xml; path = Info.plist; sourceTree = "<group>"; };
		E57D24DB1E0C45AA00B0995D /* JLTestUITests.xctest */ = {isa = PBXFileReference; explicitFileType = wrapper.cfbundle; includeInIndex = 0; path = JLTestUITests.xctest; sourceTree = BUILT_PRODUCTS_DIR; };
		E57D24DF1E0C45AA00B0995D /* JLTestUITests.swift */ = {isa = PBXFileReference; lastKnownFileType = sourcecode.swift; path = JLTestUITests.swift; sourceTree = "<group>"; };
		E57D24E11E0C45AA00B0995D /* Info.plist */ = {isa = PBXFileReference; lastKnownFileType = text.plist.xml; path = Info.plist; sourceTree = "<group>"; };
		E5A7646F1E0C4E5B00E7E3E2 /* AppDelegate.swift */ = {isa = PBXFileReference; fileEncoding = 4; lastKnownFileType = sourcecode.swift; name = AppDelegate.swift; path = Delegates/AppDelegate.swift; sourceTree = "<group>"; };
		E5A764711E0C4E7100E7E3E2 /* JLViewController.swift */ = {isa = PBXFileReference; fileEncoding = 4; lastKnownFileType = sourcecode.swift; name = JLViewController.swift; path = Controllers/JLViewController.swift; sourceTree = "<group>"; };
		E5B2278E1E0C6232007565FA /* JLCollectionViewCell.swift */ = {isa = PBXFileReference; fileEncoding = 4; lastKnownFileType = sourcecode.swift; name = JLCollectionViewCell.swift; path = Views/CustomCellView/JLCollectionViewCell.swift; sourceTree = "<group>"; };
		E5B227901E0DA10B007565FA /* main.swift */ = {isa = PBXFileReference; fileEncoding = 4; lastKnownFileType = sourcecode.swift; path = main.swift; sourceTree = "<group>"; };
		E5B227921E0DA1C8007565FA /* JLTestingAppDelegate.swift */ = {isa = PBXFileReference; fileEncoding = 4; lastKnownFileType = sourcecode.swift; name = JLTestingAppDelegate.swift; path = Delegates/JLTestingAppDelegate.swift; sourceTree = "<group>"; };
		E5B227961E0DAD45007565FA /* JLRequestFactoryTest.swift */ = {isa = PBXFileReference; fileEncoding = 4; lastKnownFileType = sourcecode.swift; name = JLRequestFactoryTest.swift; path = Network/JLRequestFactoryTest.swift; sourceTree = "<group>"; };
		E5B227981E0DD05E007565FA /* JLRequestFactory.swift */ = {isa = PBXFileReference; fileEncoding = 4; lastKnownFileType = sourcecode.swift; name = JLRequestFactory.swift; path = Network/JLRequestFactory.swift; sourceTree = "<group>"; };
		F8722731750C2DC7325D8E07 /* Pods_JLTestTests.framework */ = {isa = PBXFileReference; explicitFileType = wrapper.framework; includeInIndex = 0; path = Pods_JLTestTests.framework; sourceTree = BUILT_PRODUCTS_DIR; };
/* End PBXFileReference section */

/* Begin PBXFrameworksBuildPhase section */
		E57D24B61E0C45AA00B0995D /* Frameworks */ = {
			isa = PBXFrameworksBuildPhase;
			buildActionMask = 2147483647;
			files = (
				33D1A8284167F519A7F720E1 /* Pods_JLTest.framework in Frameworks */,
			);
			runOnlyForDeploymentPostprocessing = 0;
		};
		E57D24CD1E0C45AA00B0995D /* Frameworks */ = {
			isa = PBXFrameworksBuildPhase;
			buildActionMask = 2147483647;
			files = (
				01DF6CEC77C3F3E822DF0A57 /* Pods_JLTestTests.framework in Frameworks */,
			);
			runOnlyForDeploymentPostprocessing = 0;
		};
		E57D24D81E0C45AA00B0995D /* Frameworks */ = {
			isa = PBXFrameworksBuildPhase;
			buildActionMask = 2147483647;
			files = (
				FDF9783CED00D54716D9E31C /* Pods_JLTestUITests.framework in Frameworks */,
			);
			runOnlyForDeploymentPostprocessing = 0;
		};
/* End PBXFrameworksBuildPhase section */

/* Begin PBXGroup section */
		8138F3D227DF3E50EBA65B17 /* Frameworks */ = {
			isa = PBXGroup;
			children = (
				825660106FA601E95C86F8E9 /* Pods_JLTest.framework */,
				F8722731750C2DC7325D8E07 /* Pods_JLTestTests.framework */,
				E3A57F209DE3E8C41EFDBC6E /* Pods_JLTestUITests.framework */,
			);
			name = Frameworks;
			sourceTree = "<group>";
		};
		95B33D267CCC7989818C7D9D /* Pods */ = {
			isa = PBXGroup;
			children = (
				BB51232D3C8AD449C931730C /* Pods-JLTest.debug.xcconfig */,
				8156351E371787D49076CE6F /* Pods-JLTest.release.xcconfig */,
				74EB2B53CD3F1571E8639983 /* Pods-JLTestTests.debug.xcconfig */,
				D2FCEFCFDED4CAF2D6E21AEA /* Pods-JLTestTests.release.xcconfig */,
				865F433C99988DAD5E8434C2 /* Pods-JLTestUITests.debug.xcconfig */,
				AA8C34DEED60F2E0D9D8285F /* Pods-JLTestUITests.release.xcconfig */,
			);
			name = Pods;
			sourceTree = "<group>";
		};
		E57D24B01E0C45AA00B0995D = {
			isa = PBXGroup;
			children = (
				E57D24BB1E0C45AA00B0995D /* JLTest */,
				E57D24D31E0C45AA00B0995D /* JLTestTests */,
				E57D24DE1E0C45AA00B0995D /* JLTestUITests */,
				E57D24BA1E0C45AA00B0995D /* Products */,
				95B33D267CCC7989818C7D9D /* Pods */,
				8138F3D227DF3E50EBA65B17 /* Frameworks */,
			);
			sourceTree = "<group>";
		};
		E57D24BA1E0C45AA00B0995D /* Products */ = {
			isa = PBXGroup;
			children = (
				E57D24B91E0C45AA00B0995D /* JLTest.app */,
				E57D24D01E0C45AA00B0995D /* JLTestTests.xctest */,
				E57D24DB1E0C45AA00B0995D /* JLTestUITests.xctest */,
			);
			name = Products;
			sourceTree = "<group>";
		};
		E57D24BB1E0C45AA00B0995D /* JLTest */ = {
			isa = PBXGroup;
			children = (
				E5A7646A1E0C4D9600E7E3E2 /* Controllers */,
				E5A7646D1E0C4DB000E7E3E2 /* Network */,
				E5A7646C1E0C4DAA00E7E3E2 /* Model */,
				E5A7646B1E0C4DA100E7E3E2 /* Views */,
				E5A7646E1E0C4DB900E7E3E2 /* Delegates */,
				E5B227901E0DA10B007565FA /* main.swift */,
				E57D24C01E0C45AA00B0995D /* Main.storyboard */,
				E57D24C61E0C45AA00B0995D /* Assets.xcassets */,
				E57D24C81E0C45AA00B0995D /* LaunchScreen.storyboard */,
				E57D24CB1E0C45AA00B0995D /* Info.plist */,
			);
			path = JLTest;
			sourceTree = "<group>";
		};
		E57D24D31E0C45AA00B0995D /* JLTestTests */ = {
			isa = PBXGroup;
			children = (
				E5A764731E0C4F1A00E7E3E2 /* Controllers */,
				E5A764751E0C4F3300E7E3E2 /* Model */,
				E5A764741E0C4F2600E7E3E2 /* Network */,
				E5A764761E0C4F4300E7E3E2 /* Resources */,
				E57D24D61E0C45AA00B0995D /* Info.plist */,
			);
			path = JLTestTests;
			sourceTree = "<group>";
		};
		E57D24DE1E0C45AA00B0995D /* JLTestUITests */ = {
			isa = PBXGroup;
			children = (
				E57D24DF1E0C45AA00B0995D /* JLTestUITests.swift */,
				E57D24E11E0C45AA00B0995D /* Info.plist */,
			);
			path = JLTestUITests;
			sourceTree = "<group>";
		};
		E5A7646A1E0C4D9600E7E3E2 /* Controllers */ = {
			isa = PBXGroup;
			children = (
				E5A764711E0C4E7100E7E3E2 /* JLViewController.swift */,
			);
			name = Controllers;
			sourceTree = "<group>";
		};
		E5A7646B1E0C4DA100E7E3E2 /* Views */ = {
			isa = PBXGroup;
			children = (
				E5B2278D1E0C61A9007565FA /* CellView */,
			);
			name = Views;
			sourceTree = "<group>";
		};
		E5A7646C1E0C4DAA00E7E3E2 /* Model */ = {
			isa = PBXGroup;
			children = (
				E5359BCB1E0C56EB0053581A /* JLTest.xcdatamodeld */,
			);
			name = Model;
			sourceTree = "<group>";
		};
		E5A7646D1E0C4DB000E7E3E2 /* Network */ = {
			isa = PBXGroup;
			children = (
				E5B227981E0DD05E007565FA /* JLRequestFactory.swift */,
			);
			name = Network;
			sourceTree = "<group>";
		};
		E5A7646E1E0C4DB900E7E3E2 /* Delegates */ = {
			isa = PBXGroup;
			children = (
				E5A7646F1E0C4E5B00E7E3E2 /* AppDelegate.swift */,
				E5B227921E0DA1C8007565FA /* JLTestingAppDelegate.swift */,
			);
			name = Delegates;
			sourceTree = "<group>";
		};
		E5A764731E0C4F1A00E7E3E2 /* Controllers */ = {
			isa = PBXGroup;
			children = (
			);
			name = Controllers;
			sourceTree = "<group>";
		};
		E5A764741E0C4F2600E7E3E2 /* Network */ = {
			isa = PBXGroup;
			children = (
				E5B227961E0DAD45007565FA /* JLRequestFactoryTest.swift */,
			);
			name = Network;
			sourceTree = "<group>";
		};
		E5A764751E0C4F3300E7E3E2 /* Model */ = {
			isa = PBXGroup;
			children = (
			);
			name = Model;
			sourceTree = "<group>";
		};
		E5A764761E0C4F4300E7E3E2 /* Resources */ = {
			isa = PBXGroup;
			children = (
			);
			name = Resources;
			sourceTree = "<group>";
		};
		E5B2278D1E0C61A9007565FA /* CellView */ = {
			isa = PBXGroup;
			children = (
				E5B2278E1E0C6232007565FA /* JLCollectionViewCell.swift */,
			);
			name = CellView;
			sourceTree = "<group>";
		};
/* End PBXGroup section */

/* Begin PBXNativeTarget section */
		E57D24B81E0C45AA00B0995D /* JLTest */ = {
			isa = PBXNativeTarget;
			buildConfigurationList = E57D24E41E0C45AA00B0995D /* Build configuration list for PBXNativeTarget "JLTest" */;
			buildPhases = (
				0FE450E0C9835A872AF0702E /* [CP] Check Pods Manifest.lock */,
				E57D24B51E0C45AA00B0995D /* Sources */,
				E57D24B61E0C45AA00B0995D /* Frameworks */,
				E57D24B71E0C45AA00B0995D /* Resources */,
				68F2C3F74BDDAAA9D81DE15C /* [CP] Embed Pods Frameworks */,
				BE58D25D1EE0C3A7E3C5FD34 /* [CP] Copy Pods Resources */,
			);
			buildRules = (
			);
			dependencies = (
			);
			name = JLTest;
			productName = JLTest;
			productReference = E57D24B91E0C45AA00B0995D /* JLTest.app */;
			productType = "com.apple.product-type.application";
		};
		E57D24CF1E0C45AA00B0995D /* JLTestTests */ = {
			isa = PBXNativeTarget;
			buildConfigurationList = E57D24E71E0C45AA00B0995D /* Build configuration list for PBXNativeTarget "JLTestTests" */;
			buildPhases = (
				89FE34F794005BBC0430C4EC /* [CP] Check Pods Manifest.lock */,
				E57D24CC1E0C45AA00B0995D /* Sources */,
				E57D24CD1E0C45AA00B0995D /* Frameworks */,
				E57D24CE1E0C45AA00B0995D /* Resources */,
				1CAFFDE0FF74A9B005CF150B /* [CP] Embed Pods Frameworks */,
				A352A4A20FD0E5A52C11E4AE /* [CP] Copy Pods Resources */,
			);
			buildRules = (
			);
			dependencies = (
				E57D24D21E0C45AA00B0995D /* PBXTargetDependency */,
			);
			name = JLTestTests;
			productName = JLTestTests;
			productReference = E57D24D01E0C45AA00B0995D /* JLTestTests.xctest */;
			productType = "com.apple.product-type.bundle.unit-test";
		};
		E57D24DA1E0C45AA00B0995D /* JLTestUITests */ = {
			isa = PBXNativeTarget;
			buildConfigurationList = E57D24EA1E0C45AA00B0995D /* Build configuration list for PBXNativeTarget "JLTestUITests" */;
			buildPhases = (
				39D832DFF708F94F59D1F15E /* [CP] Check Pods Manifest.lock */,
				E57D24D71E0C45AA00B0995D /* Sources */,
				E57D24D81E0C45AA00B0995D /* Frameworks */,
				E57D24D91E0C45AA00B0995D /* Resources */,
				78FC128E95E4AB0F998EC907 /* [CP] Embed Pods Frameworks */,
				F7DD622DD36CCE470FAFD1BF /* [CP] Copy Pods Resources */,
			);
			buildRules = (
			);
			dependencies = (
				E57D24DD1E0C45AA00B0995D /* PBXTargetDependency */,
			);
			name = JLTestUITests;
			productName = JLTestUITests;
			productReference = E57D24DB1E0C45AA00B0995D /* JLTestUITests.xctest */;
			productType = "com.apple.product-type.bundle.ui-testing";
		};
/* End PBXNativeTarget section */

/* Begin PBXProject section */
		E57D24B11E0C45AA00B0995D /* Project object */ = {
			isa = PBXProject;
			attributes = {
				CLASSPREFIX = JL;
				LastSwiftUpdateCheck = 0820;
				LastUpgradeCheck = 0820;
				ORGANIZATIONNAME = Fabio;
				TargetAttributes = {
					E57D24B81E0C45AA00B0995D = {
						CreatedOnToolsVersion = 8.2.1;
						DevelopmentTeam = J5X2W9RVQK;
						LastSwiftMigration = 0820;
						ProvisioningStyle = Automatic;
					};
					E57D24CF1E0C45AA00B0995D = {
						CreatedOnToolsVersion = 8.2.1;
						DevelopmentTeam = J5X2W9RVQK;
						LastSwiftMigration = 0820;
						ProvisioningStyle = Automatic;
						TestTargetID = E57D24B81E0C45AA00B0995D;
					};
					E57D24DA1E0C45AA00B0995D = {
						CreatedOnToolsVersion = 8.2.1;
						DevelopmentTeam = J5X2W9RVQK;
						ProvisioningStyle = Automatic;
						TestTargetID = E57D24B81E0C45AA00B0995D;
					};
				};
			};
			buildConfigurationList = E57D24B41E0C45AA00B0995D /* Build configuration list for PBXProject "JLTest" */;
			compatibilityVersion = "Xcode 3.2";
			developmentRegion = English;
			hasScannedForEncodings = 0;
			knownRegions = (
				en,
				Base,
			);
			mainGroup = E57D24B01E0C45AA00B0995D;
			productRefGroup = E57D24BA1E0C45AA00B0995D /* Products */;
			projectDirPath = "";
			projectRoot = "";
			targets = (
				E57D24B81E0C45AA00B0995D /* JLTest */,
				E57D24CF1E0C45AA00B0995D /* JLTestTests */,
				E57D24DA1E0C45AA00B0995D /* JLTestUITests */,
			);
		};
/* End PBXProject section */

/* Begin PBXResourcesBuildPhase section */
		E57D24B71E0C45AA00B0995D /* Resources */ = {
			isa = PBXResourcesBuildPhase;
			buildActionMask = 2147483647;
			files = (
				E57D24CA1E0C45AA00B0995D /* LaunchScreen.storyboard in Resources */,
				E57D24C71E0C45AA00B0995D /* Assets.xcassets in Resources */,
				E57D24C21E0C45AA00B0995D /* Main.storyboard in Resources */,
			);
			runOnlyForDeploymentPostprocessing = 0;
		};
		E57D24CE1E0C45AA00B0995D /* Resources */ = {
			isa = PBXResourcesBuildPhase;
			buildActionMask = 2147483647;
			files = (
			);
			runOnlyForDeploymentPostprocessing = 0;
		};
		E57D24D91E0C45AA00B0995D /* Resources */ = {
			isa = PBXResourcesBuildPhase;
			buildActionMask = 2147483647;
			files = (
			);
			runOnlyForDeploymentPostprocessing = 0;
		};
/* End PBXResourcesBuildPhase section */

/* Begin PBXShellScriptBuildPhase section */
		0FE450E0C9835A872AF0702E /* [CP] Check Pods Manifest.lock */ = {
			isa = PBXShellScriptBuildPhase;
			buildActionMask = 2147483647;
			files = (
			);
			inputPaths = (
			);
			name = "[CP] Check Pods Manifest.lock";
			outputPaths = (
			);
			runOnlyForDeploymentPostprocessing = 0;
			shellPath = /bin/sh;
			shellScript = "diff \"${PODS_ROOT}/../Podfile.lock\" \"${PODS_ROOT}/Manifest.lock\" > /dev/null\nif [ $? != 0 ] ; then\n    # print error to STDERR\n    echo \"error: The sandbox is not in sync with the Podfile.lock. Run 'pod install' or update your CocoaPods installation.\" >&2\n    exit 1\nfi\n";
			showEnvVarsInLog = 0;
		};
		1CAFFDE0FF74A9B005CF150B /* [CP] Embed Pods Frameworks */ = {
			isa = PBXShellScriptBuildPhase;
			buildActionMask = 2147483647;
			files = (
			);
			inputPaths = (
			);
			name = "[CP] Embed Pods Frameworks";
			outputPaths = (
			);
			runOnlyForDeploymentPostprocessing = 0;
			shellPath = /bin/sh;
			shellScript = "\"${SRCROOT}/Pods/Target Support Files/Pods-JLTestTests/Pods-JLTestTests-frameworks.sh\"\n";
			showEnvVarsInLog = 0;
		};
		39D832DFF708F94F59D1F15E /* [CP] Check Pods Manifest.lock */ = {
			isa = PBXShellScriptBuildPhase;
			buildActionMask = 2147483647;
			files = (
			);
			inputPaths = (
			);
			name = "[CP] Check Pods Manifest.lock";
			outputPaths = (
			);
			runOnlyForDeploymentPostprocessing = 0;
			shellPath = /bin/sh;
			shellScript = "diff \"${PODS_ROOT}/../Podfile.lock\" \"${PODS_ROOT}/Manifest.lock\" > /dev/null\nif [ $? != 0 ] ; then\n    # print error to STDERR\n    echo \"error: The sandbox is not in sync with the Podfile.lock. Run 'pod install' or update your CocoaPods installation.\" >&2\n    exit 1\nfi\n";
			showEnvVarsInLog = 0;
		};
		68F2C3F74BDDAAA9D81DE15C /* [CP] Embed Pods Frameworks */ = {
			isa = PBXShellScriptBuildPhase;
			buildActionMask = 2147483647;
			files = (
			);
			inputPaths = (
			);
			name = "[CP] Embed Pods Frameworks";
			outputPaths = (
			);
			runOnlyForDeploymentPostprocessing = 0;
			shellPath = /bin/sh;
			shellScript = "\"${SRCROOT}/Pods/Target Support Files/Pods-JLTest/Pods-JLTest-frameworks.sh\"\n";
			showEnvVarsInLog = 0;
		};
		78FC128E95E4AB0F998EC907 /* [CP] Embed Pods Frameworks */ = {
			isa = PBXShellScriptBuildPhase;
			buildActionMask = 2147483647;
			files = (
			);
			inputPaths = (
			);
			name = "[CP] Embed Pods Frameworks";
			outputPaths = (
			);
			runOnlyForDeploymentPostprocessing = 0;
			shellPath = /bin/sh;
			shellScript = "\"${SRCROOT}/Pods/Target Support Files/Pods-JLTestUITests/Pods-JLTestUITests-frameworks.sh\"\n";
			showEnvVarsInLog = 0;
		};
		89FE34F794005BBC0430C4EC /* [CP] Check Pods Manifest.lock */ = {
			isa = PBXShellScriptBuildPhase;
			buildActionMask = 2147483647;
			files = (
			);
			inputPaths = (
			);
			name = "[CP] Check Pods Manifest.lock";
			outputPaths = (
			);
			runOnlyForDeploymentPostprocessing = 0;
			shellPath = /bin/sh;
			shellScript = "diff \"${PODS_ROOT}/../Podfile.lock\" \"${PODS_ROOT}/Manifest.lock\" > /dev/null\nif [ $? != 0 ] ; then\n    # print error to STDERR\n    echo \"error: The sandbox is not in sync with the Podfile.lock. Run 'pod install' or update your CocoaPods installation.\" >&2\n    exit 1\nfi\n";
			showEnvVarsInLog = 0;
		};
		A352A4A20FD0E5A52C11E4AE /* [CP] Copy Pods Resources */ = {
			isa = PBXShellScriptBuildPhase;
			buildActionMask = 2147483647;
			files = (
			);
			inputPaths = (
			);
			name = "[CP] Copy Pods Resources";
			outputPaths = (
			);
			runOnlyForDeploymentPostprocessing = 0;
			shellPath = /bin/sh;
			shellScript = "\"${SRCROOT}/Pods/Target Support Files/Pods-JLTestTests/Pods-JLTestTests-resources.sh\"\n";
			showEnvVarsInLog = 0;
		};
		BE58D25D1EE0C3A7E3C5FD34 /* [CP] Copy Pods Resources */ = {
			isa = PBXShellScriptBuildPhase;
			buildActionMask = 2147483647;
			files = (
			);
			inputPaths = (
			);
			name = "[CP] Copy Pods Resources";
			outputPaths = (
			);
			runOnlyForDeploymentPostprocessing = 0;
			shellPath = /bin/sh;
			shellScript = "\"${SRCROOT}/Pods/Target Support Files/Pods-JLTest/Pods-JLTest-resources.sh\"\n";
			showEnvVarsInLog = 0;
		};
		F7DD622DD36CCE470FAFD1BF /* [CP] Copy Pods Resources */ = {
			isa = PBXShellScriptBuildPhase;
			buildActionMask = 2147483647;
			files = (
			);
			inputPaths = (
			);
			name = "[CP] Copy Pods Resources";
			outputPaths = (
			);
			runOnlyForDeploymentPostprocessing = 0;
			shellPath = /bin/sh;
			shellScript = "\"${SRCROOT}/Pods/Target Support Files/Pods-JLTestUITests/Pods-JLTestUITests-resources.sh\"\n";
			showEnvVarsInLog = 0;
		};
/* End PBXShellScriptBuildPhase section */

/* Begin PBXSourcesBuildPhase section */
		E57D24B51E0C45AA00B0995D /* Sources */ = {
			isa = PBXSourcesBuildPhase;
			buildActionMask = 2147483647;
			files = (
				E5B227991E0DD05E007565FA /* JLRequestFactory.swift in Sources */,
				E5359BCD1E0C56EB0053581A /* JLTest.xcdatamodeld in Sources */,
				E5B227911E0DA10B007565FA /* main.swift in Sources */,
				E5A764721E0C4E7100E7E3E2 /* JLViewController.swift in Sources */,
				E5B227931E0DA1C8007565FA /* JLTestingAppDelegate.swift in Sources */,
				E5B2278F1E0C6232007565FA /* JLCollectionViewCell.swift in Sources */,
				E5A764701E0C4E5B00E7E3E2 /* AppDelegate.swift in Sources */,
			);
			runOnlyForDeploymentPostprocessing = 0;
		};
		E57D24CC1E0C45AA00B0995D /* Sources */ = {
			isa = PBXSourcesBuildPhase;
			buildActionMask = 2147483647;
			files = (
				E5B227971E0DAD45007565FA /* JLRequestFactoryTest.swift in Sources */,
			);
			runOnlyForDeploymentPostprocessing = 0;
		};
		E57D24D71E0C45AA00B0995D /* Sources */ = {
			isa = PBXSourcesBuildPhase;
			buildActionMask = 2147483647;
			files = (
				E57D24E01E0C45AA00B0995D /* JLTestUITests.swift in Sources */,
			);
			runOnlyForDeploymentPostprocessing = 0;
		};
/* End PBXSourcesBuildPhase section */

/* Begin PBXTargetDependency section */
		E57D24D21E0C45AA00B0995D /* PBXTargetDependency */ = {
			isa = PBXTargetDependency;
			target = E57D24B81E0C45AA00B0995D /* JLTest */;
			targetProxy = E57D24D11E0C45AA00B0995D /* PBXContainerItemProxy */;
		};
		E57D24DD1E0C45AA00B0995D /* PBXTargetDependency */ = {
			isa = PBXTargetDependency;
			target = E57D24B81E0C45AA00B0995D /* JLTest */;
			targetProxy = E57D24DC1E0C45AA00B0995D /* PBXContainerItemProxy */;
		};
/* End PBXTargetDependency section */

/* Begin PBXVariantGroup section */
		E57D24C01E0C45AA00B0995D /* Main.storyboard */ = {
			isa = PBXVariantGroup;
			children = (
				E57D24C11E0C45AA00B0995D /* Base */,
			);
			name = Main.storyboard;
			sourceTree = "<group>";
		};
		E57D24C81E0C45AA00B0995D /* LaunchScreen.storyboard */ = {
			isa = PBXVariantGroup;
			children = (
				E57D24C91E0C45AA00B0995D /* Base */,
			);
			name = LaunchScreen.storyboard;
			sourceTree = "<group>";
		};
/* End PBXVariantGroup section */

/* Begin XCBuildConfiguration section */
		E57D24E21E0C45AA00B0995D /* Debug */ = {
			isa = XCBuildConfiguration;
			buildSettings = {
				ALWAYS_SEARCH_USER_PATHS = NO;
				CLANG_ANALYZER_NONNULL = YES;
				CLANG_CXX_LANGUAGE_STANDARD = "gnu++0x";
				CLANG_CXX_LIBRARY = "libc++";
				CLANG_ENABLE_MODULES = YES;
				CLANG_ENABLE_OBJC_ARC = YES;
				CLANG_WARN_BOOL_CONVERSION = YES;
				CLANG_WARN_CONSTANT_CONVERSION = YES;
				CLANG_WARN_DIRECT_OBJC_ISA_USAGE = YES_ERROR;
				CLANG_WARN_DOCUMENTATION_COMMENTS = YES;
				CLANG_WARN_EMPTY_BODY = YES;
				CLANG_WARN_ENUM_CONVERSION = YES;
				CLANG_WARN_INFINITE_RECURSION = YES;
				CLANG_WARN_INT_CONVERSION = YES;
				CLANG_WARN_OBJC_ROOT_CLASS = YES_ERROR;
				CLANG_WARN_SUSPICIOUS_MOVE = YES;
				CLANG_WARN_UNREACHABLE_CODE = YES;
				CLANG_WARN__DUPLICATE_METHOD_MATCH = YES;
				"CODE_SIGN_IDENTITY[sdk=iphoneos*]" = "iPhone Developer";
				COPY_PHASE_STRIP = NO;
				DEBUG_INFORMATION_FORMAT = dwarf;
				ENABLE_STRICT_OBJC_MSGSEND = YES;
				ENABLE_TESTABILITY = YES;
				GCC_C_LANGUAGE_STANDARD = gnu99;
				GCC_DYNAMIC_NO_PIC = NO;
				GCC_NO_COMMON_BLOCKS = YES;
				GCC_OPTIMIZATION_LEVEL = 0;
				GCC_PREPROCESSOR_DEFINITIONS = (
					"DEBUG=1",
					"$(inherited)",
				);
				GCC_WARN_64_TO_32_BIT_CONVERSION = YES;
				GCC_WARN_ABOUT_RETURN_TYPE = YES_ERROR;
				GCC_WARN_UNDECLARED_SELECTOR = YES;
				GCC_WARN_UNINITIALIZED_AUTOS = YES_AGGRESSIVE;
				GCC_WARN_UNUSED_FUNCTION = YES;
				GCC_WARN_UNUSED_VARIABLE = YES;
				IPHONEOS_DEPLOYMENT_TARGET = 10.2;
				MTL_ENABLE_DEBUG_INFO = YES;
				ONLY_ACTIVE_ARCH = YES;
				SDKROOT = iphoneos;
				SWIFT_ACTIVE_COMPILATION_CONDITIONS = DEBUG;
				SWIFT_OPTIMIZATION_LEVEL = "-Onone";
				TARGETED_DEVICE_FAMILY = 2;
			};
			name = Debug;
		};
		E57D24E31E0C45AA00B0995D /* Release */ = {
			isa = XCBuildConfiguration;
			buildSettings = {
				ALWAYS_SEARCH_USER_PATHS = NO;
				CLANG_ANALYZER_NONNULL = YES;
				CLANG_CXX_LANGUAGE_STANDARD = "gnu++0x";
				CLANG_CXX_LIBRARY = "libc++";
				CLANG_ENABLE_MODULES = YES;
				CLANG_ENABLE_OBJC_ARC = YES;
				CLANG_WARN_BOOL_CONVERSION = YES;
				CLANG_WARN_CONSTANT_CONVERSION = YES;
				CLANG_WARN_DIRECT_OBJC_ISA_USAGE = YES_ERROR;
				CLANG_WARN_DOCUMENTATION_COMMENTS = YES;
				CLANG_WARN_EMPTY_BODY = YES;
				CLANG_WARN_ENUM_CONVERSION = YES;
				CLANG_WARN_INFINITE_RECURSION = YES;
				CLANG_WARN_INT_CONVERSION = YES;
				CLANG_WARN_OBJC_ROOT_CLASS = YES_ERROR;
				CLANG_WARN_SUSPICIOUS_MOVE = YES;
				CLANG_WARN_UNREACHABLE_CODE = YES;
				CLANG_WARN__DUPLICATE_METHOD_MATCH = YES;
				"CODE_SIGN_IDENTITY[sdk=iphoneos*]" = "iPhone Developer";
				COPY_PHASE_STRIP = NO;
				DEBUG_INFORMATION_FORMAT = "dwarf-with-dsym";
				ENABLE_NS_ASSERTIONS = NO;
				ENABLE_STRICT_OBJC_MSGSEND = YES;
				GCC_C_LANGUAGE_STANDARD = gnu99;
				GCC_NO_COMMON_BLOCKS = YES;
				GCC_WARN_64_TO_32_BIT_CONVERSION = YES;
				GCC_WARN_ABOUT_RETURN_TYPE = YES_ERROR;
				GCC_WARN_UNDECLARED_SELECTOR = YES;
				GCC_WARN_UNINITIALIZED_AUTOS = YES_AGGRESSIVE;
				GCC_WARN_UNUSED_FUNCTION = YES;
				GCC_WARN_UNUSED_VARIABLE = YES;
				IPHONEOS_DEPLOYMENT_TARGET = 10.2;
				MTL_ENABLE_DEBUG_INFO = NO;
				SDKROOT = iphoneos;
				SWIFT_OPTIMIZATION_LEVEL = "-Owholemodule";
				TARGETED_DEVICE_FAMILY = 2;
				VALIDATE_PRODUCT = YES;
			};
			name = Release;
		};
		E57D24E51E0C45AA00B0995D /* Debug */ = {
			isa = XCBuildConfiguration;
			baseConfigurationReference = BB51232D3C8AD449C931730C /* Pods-JLTest.debug.xcconfig */;
			buildSettings = {
				ASSETCATALOG_COMPILER_APPICON_NAME = AppIcon;
				CLANG_ENABLE_MODULES = YES;
				DEVELOPMENT_TEAM = J5X2W9RVQK;
				INFOPLIST_FILE = JLTest/Info.plist;
				LD_RUNPATH_SEARCH_PATHS = "$(inherited) @executable_path/Frameworks";
				PRODUCT_BUNDLE_IDENTIFIER = fabio.JLTest;
				PRODUCT_NAME = "$(TARGET_NAME)";
				SWIFT_OPTIMIZATION_LEVEL = "-Onone";
				SWIFT_VERSION = 3.0;
			};
			name = Debug;
		};
		E57D24E61E0C45AA00B0995D /* Release */ = {
			isa = XCBuildConfiguration;
			baseConfigurationReference = 8156351E371787D49076CE6F /* Pods-JLTest.release.xcconfig */;
			buildSettings = {
				ASSETCATALOG_COMPILER_APPICON_NAME = AppIcon;
				CLANG_ENABLE_MODULES = YES;
				DEVELOPMENT_TEAM = J5X2W9RVQK;
				INFOPLIST_FILE = JLTest/Info.plist;
				LD_RUNPATH_SEARCH_PATHS = "$(inherited) @executable_path/Frameworks";
				PRODUCT_BUNDLE_IDENTIFIER = fabio.JLTest;
				PRODUCT_NAME = "$(TARGET_NAME)";
				SWIFT_VERSION = 3.0;
			};
			name = Release;
		};
		E57D24E81E0C45AA00B0995D /* Debug */ = {
			isa = XCBuildConfiguration;
			baseConfigurationReference = 74EB2B53CD3F1571E8639983 /* Pods-JLTestTests.debug.xcconfig */;
			buildSettings = {
				ALWAYS_EMBED_SWIFT_STANDARD_LIBRARIES = "$(inherited)";
				BUNDLE_LOADER = "$(TEST_HOST)";
				CLANG_ENABLE_MODULES = YES;
				DEVELOPMENT_TEAM = J5X2W9RVQK;
				INFOPLIST_FILE = JLTestTests/Info.plist;
				LD_RUNPATH_SEARCH_PATHS = "$(inherited) @executable_path/Frameworks @loader_path/Frameworks";
				PRODUCT_BUNDLE_IDENTIFIER = fabio.JLTestTests;
				PRODUCT_NAME = "$(TARGET_NAME)";
				SWIFT_OPTIMIZATION_LEVEL = "-Onone";
				SWIFT_VERSION = 3.0;
				TEST_HOST = "$(BUILT_PRODUCTS_DIR)/JLTest.app/JLTest";
			};
			name = Debug;
		};
		E57D24E91E0C45AA00B0995D /* Release */ = {
			isa = XCBuildConfiguration;
			baseConfigurationReference = D2FCEFCFDED4CAF2D6E21AEA /* Pods-JLTestTests.release.xcconfig */;
			buildSettings = {
				ALWAYS_EMBED_SWIFT_STANDARD_LIBRARIES = "$(inherited)";
				BUNDLE_LOADER = "$(TEST_HOST)";
				CLANG_ENABLE_MODULES = YES;
				DEVELOPMENT_TEAM = J5X2W9RVQK;
				INFOPLIST_FILE = JLTestTests/Info.plist;
				LD_RUNPATH_SEARCH_PATHS = "$(inherited) @executable_path/Frameworks @loader_path/Frameworks";
				PRODUCT_BUNDLE_IDENTIFIER = fabio.JLTestTests;
				PRODUCT_NAME = "$(TARGET_NAME)";
				SWIFT_VERSION = 3.0;
				TEST_HOST = "$(BUILT_PRODUCTS_DIR)/JLTest.app/JLTest";
			};
			name = Release;
		};
		E57D24EB1E0C45AA00B0995D /* Debug */ = {
			isa = XCBuildConfiguration;
			baseConfigurationReference = 865F433C99988DAD5E8434C2 /* Pods-JLTestUITests.debug.xcconfig */;
			buildSettings = {
				ALWAYS_EMBED_SWIFT_STANDARD_LIBRARIES = "$(inherited)";
				DEVELOPMENT_TEAM = J5X2W9RVQK;
				INFOPLIST_FILE = JLTestUITests/Info.plist;
				LD_RUNPATH_SEARCH_PATHS = "$(inherited) @executable_path/Frameworks @loader_path/Frameworks";
				PRODUCT_BUNDLE_IDENTIFIER = fabio.JLTestUITests;
				PRODUCT_NAME = "$(TARGET_NAME)";
				SWIFT_VERSION = 3.0;
				TEST_TARGET_NAME = JLTest;
			};
			name = Debug;
		};
		E57D24EC1E0C45AA00B0995D /* Release */ = {
			isa = XCBuildConfiguration;
			baseConfigurationReference = AA8C34DEED60F2E0D9D8285F /* Pods-JLTestUITests.release.xcconfig */;
			buildSettings = {
				ALWAYS_EMBED_SWIFT_STANDARD_LIBRARIES = "$(inherited)";
				DEVELOPMENT_TEAM = J5X2W9RVQK;
				INFOPLIST_FILE = JLTestUITests/Info.plist;
				LD_RUNPATH_SEARCH_PATHS = "$(inherited) @executable_path/Frameworks @loader_path/Frameworks";
				PRODUCT_BUNDLE_IDENTIFIER = fabio.JLTestUITests;
				PRODUCT_NAME = "$(TARGET_NAME)";
				SWIFT_VERSION = 3.0;
				TEST_TARGET_NAME = JLTest;
			};
			name = Release;
		};
/* End XCBuildConfiguration section */

/* Begin XCConfigurationList section */
		E57D24B41E0C45AA00B0995D /* Build configuration list for PBXProject "JLTest" */ = {
			isa = XCConfigurationList;
			buildConfigurations = (
				E57D24E21E0C45AA00B0995D /* Debug */,
				E57D24E31E0C45AA00B0995D /* Release */,
			);
			defaultConfigurationIsVisible = 0;
			defaultConfigurationName = Release;
		};
		E57D24E41E0C45AA00B0995D /* Build configuration list for PBXNativeTarget "JLTest" */ = {
			isa = XCConfigurationList;
			buildConfigurations = (
				E57D24E51E0C45AA00B0995D /* Debug */,
				E57D24E61E0C45AA00B0995D /* Release */,
			);
			defaultConfigurationIsVisible = 0;
			defaultConfigurationName = Release;
		};
		E57D24E71E0C45AA00B0995D /* Build configuration list for PBXNativeTarget "JLTestTests" */ = {
			isa = XCConfigurationList;
			buildConfigurations = (
				E57D24E81E0C45AA00B0995D /* Debug */,
				E57D24E91E0C45AA00B0995D /* Release */,
			);
			defaultConfigurationIsVisible = 0;
			defaultConfigurationName = Release;
		};
		E57D24EA1E0C45AA00B0995D /* Build configuration list for PBXNativeTarget "JLTestUITests" */ = {
			isa = XCConfigurationList;
			buildConfigurations = (
				E57D24EB1E0C45AA00B0995D /* Debug */,
				E57D24EC1E0C45AA00B0995D /* Release */,
			);
			defaultConfigurationIsVisible = 0;
			defaultConfigurationName = Release;
		};
/* End XCConfigurationList section */

/* Begin XCVersionGroup section */
		E5359BCB1E0C56EB0053581A /* JLTest.xcdatamodeld */ = {
			isa = XCVersionGroup;
			children = (
				E5359BCC1E0C56EB0053581A /* JLTest.xcdatamodel */,
			);
			currentVersion = E5359BCC1E0C56EB0053581A /* JLTest.xcdatamodel */;
			name = JLTest.xcdatamodeld;
			path = Model/JLTest.xcdatamodeld;
			sourceTree = "<group>";
			versionGroupType = wrapper.xcdatamodel;
		};
/* End XCVersionGroup section */
	};
	rootObject = E57D24B11E0C45AA00B0995D /* Project object */;
}
